// !$*UTF8*$!
{
	archiveVersion = 1;
	classes = {
	};
	objectVersion = 56;
	objects = {

/* Begin PBXBuildFile section */
		E7D0312C2948E21E0039590F /* EcommerceConceptApp.swift in Sources */ = {isa = PBXBuildFile; fileRef = E7D0312B2948E21E0039590F /* EcommerceConceptApp.swift */; };
		E7D0312E2948E21E0039590F /* ContentView.swift in Sources */ = {isa = PBXBuildFile; fileRef = E7D0312D2948E21E0039590F /* ContentView.swift */; };
		E7D031302948E21F0039590F /* Assets.xcassets in Resources */ = {isa = PBXBuildFile; fileRef = E7D0312F2948E21F0039590F /* Assets.xcassets */; };
		E7D031332948E21F0039590F /* Preview Assets.xcassets in Resources */ = {isa = PBXBuildFile; fileRef = E7D031322948E21F0039590F /* Preview Assets.xcassets */; };
		E7D031352948E21F0039590F /* Persistence.swift in Sources */ = {isa = PBXBuildFile; fileRef = E7D031342948E21F0039590F /* Persistence.swift */; };
		E7D031382948E21F0039590F /* EcommerceConcept.xcdatamodeld in Sources */ = {isa = PBXBuildFile; fileRef = E7D031362948E21F0039590F /* EcommerceConcept.xcdatamodeld */; };
		E7D031492948F6260039590F /* Launch Screen.storyboard in Resources */ = {isa = PBXBuildFile; fileRef = E7D031482948F6260039590F /* Launch Screen.storyboard */; };
		E7D0314C2948FF9F0039590F /* SelectCategory.swift in Sources */ = {isa = PBXBuildFile; fileRef = E7D0314B2948FF9F0039590F /* SelectCategory.swift */; };
		E7D03161294905350039590F /* MarkPro-Book.otf in Resources */ = {isa = PBXBuildFile; fileRef = E7D0314D294905340039590F /* MarkPro-Book.otf */; };
		E7D03162294905350039590F /* MarkPro-ExtraLight.otf in Resources */ = {isa = PBXBuildFile; fileRef = E7D0314E294905340039590F /* MarkPro-ExtraLight.otf */; };
		E7D03163294905350039590F /* MarkPro-LightItalic.otf in Resources */ = {isa = PBXBuildFile; fileRef = E7D0314F294905340039590F /* MarkPro-LightItalic.otf */; };
		E7D03164294905350039590F /* MarkPro-Bold.ttf in Resources */ = {isa = PBXBuildFile; fileRef = E7D03150294905340039590F /* MarkPro-Bold.ttf */; };
		E7D03165294905350039590F /* MarkPro-Black.otf in Resources */ = {isa = PBXBuildFile; fileRef = E7D03151294905340039590F /* MarkPro-Black.otf */; };
		E7D03166294905350039590F /* MarkPro-BlackItalic.otf in Resources */ = {isa = PBXBuildFile; fileRef = E7D03152294905340039590F /* MarkPro-BlackItalic.otf */; };
		E7D03167294905350039590F /* MarkPro-Italic.otf in Resources */ = {isa = PBXBuildFile; fileRef = E7D03153294905340039590F /* MarkPro-Italic.otf */; };
		E7D03168294905350039590F /* MarkPro-ExtraLightItalic.otf in Resources */ = {isa = PBXBuildFile; fileRef = E7D03154294905340039590F /* MarkPro-ExtraLightItalic.otf */; };
		E7D03169294905350039590F /* MarkPro-HairlineItalic.otf in Resources */ = {isa = PBXBuildFile; fileRef = E7D03155294905340039590F /* MarkPro-HairlineItalic.otf */; };
		E7D0316A294905350039590F /* MarkPro-Hairline.otf in Resources */ = {isa = PBXBuildFile; fileRef = E7D03156294905340039590F /* MarkPro-Hairline.otf */; };
		E7D0316B294905350039590F /* MarkPro-Light.otf in Resources */ = {isa = PBXBuildFile; fileRef = E7D03157294905340039590F /* MarkPro-Light.otf */; };
		E7D0316C294905350039590F /* MarkPro-MediumItalic.otf in Resources */ = {isa = PBXBuildFile; fileRef = E7D03158294905340039590F /* MarkPro-MediumItalic.otf */; };
		E7D0316D294905350039590F /* MarkPro-Heavy.otf in Resources */ = {isa = PBXBuildFile; fileRef = E7D03159294905350039590F /* MarkPro-Heavy.otf */; };
		E7D0316E294905350039590F /* MarkPro-ThinItalic.otf in Resources */ = {isa = PBXBuildFile; fileRef = E7D0315A294905350039590F /* MarkPro-ThinItalic.otf */; };
		E7D0316F294905350039590F /* MarkPro-Medium.otf in Resources */ = {isa = PBXBuildFile; fileRef = E7D0315B294905350039590F /* MarkPro-Medium.otf */; };
		E7D03170294905350039590F /* MarkPro-Thin.otf in Resources */ = {isa = PBXBuildFile; fileRef = E7D0315C294905350039590F /* MarkPro-Thin.otf */; };
		E7D03171294905350039590F /* MarkPro-HeavyItalic.otf in Resources */ = {isa = PBXBuildFile; fileRef = E7D0315D294905350039590F /* MarkPro-HeavyItalic.otf */; };
		E7D03172294905350039590F /* MarkPro.otf in Resources */ = {isa = PBXBuildFile; fileRef = E7D0315E294905350039590F /* MarkPro.otf */; };
		E7D03173294905350039590F /* MarkPro-BookItalic.otf in Resources */ = {isa = PBXBuildFile; fileRef = E7D0315F294905350039590F /* MarkPro-BookItalic.otf */; };
		E7D03174294905350039590F /* MarkPro-BoldItalic.otf in Resources */ = {isa = PBXBuildFile; fileRef = E7D03160294905350039590F /* MarkPro-BoldItalic.otf */; };
		E7D031762949122A0039590F /* CategoryBotton.swift in Sources */ = {isa = PBXBuildFile; fileRef = E7D031752949122A0039590F /* CategoryBotton.swift */; };
/* End PBXBuildFile section */

/* Begin PBXFileReference section */
		E7D031282948E21E0039590F /* EcommerceConcept.app */ = {isa = PBXFileReference; explicitFileType = wrapper.application; includeInIndex = 0; path = EcommerceConcept.app; sourceTree = BUILT_PRODUCTS_DIR; };
		E7D0312B2948E21E0039590F /* EcommerceConceptApp.swift */ = {isa = PBXFileReference; lastKnownFileType = sourcecode.swift; path = EcommerceConceptApp.swift; sourceTree = "<group>"; };
		E7D0312D2948E21E0039590F /* ContentView.swift */ = {isa = PBXFileReference; lastKnownFileType = sourcecode.swift; path = ContentView.swift; sourceTree = "<group>"; };
		E7D0312F2948E21F0039590F /* Assets.xcassets */ = {isa = PBXFileReference; lastKnownFileType = folder.assetcatalog; path = Assets.xcassets; sourceTree = "<group>"; };
		E7D031322948E21F0039590F /* Preview Assets.xcassets */ = {isa = PBXFileReference; lastKnownFileType = folder.assetcatalog; path = "Preview Assets.xcassets"; sourceTree = "<group>"; };
		E7D031342948E21F0039590F /* Persistence.swift */ = {isa = PBXFileReference; lastKnownFileType = sourcecode.swift; path = Persistence.swift; sourceTree = "<group>"; };
		E7D031372948E21F0039590F /* EcommerceConcept.xcdatamodel */ = {isa = PBXFileReference; lastKnownFileType = wrapper.xcdatamodel; path = EcommerceConcept.xcdatamodel; sourceTree = "<group>"; };
		E7D031472948EFF50039590F /* Info.plist */ = {isa = PBXFileReference; lastKnownFileType = text.plist; path = Info.plist; sourceTree = "<group>"; };
		E7D031482948F6260039590F /* Launch Screen.storyboard */ = {isa = PBXFileReference; lastKnownFileType = file.storyboard; path = "Launch Screen.storyboard"; sourceTree = "<group>"; };
		E7D0314B2948FF9F0039590F /* SelectCategory.swift */ = {isa = PBXFileReference; lastKnownFileType = sourcecode.swift; path = SelectCategory.swift; sourceTree = "<group>"; };
		E7D0314D294905340039590F /* MarkPro-Book.otf */ = {isa = PBXFileReference; lastKnownFileType = file; path = "MarkPro-Book.otf"; sourceTree = "<group>"; };
		E7D0314E294905340039590F /* MarkPro-ExtraLight.otf */ = {isa = PBXFileReference; lastKnownFileType = file; path = "MarkPro-ExtraLight.otf"; sourceTree = "<group>"; };
		E7D0314F294905340039590F /* MarkPro-LightItalic.otf */ = {isa = PBXFileReference; lastKnownFileType = file; path = "MarkPro-LightItalic.otf"; sourceTree = "<group>"; };
		E7D03150294905340039590F /* MarkPro-Bold.ttf */ = {isa = PBXFileReference; lastKnownFileType = file; path = "MarkPro-Bold.ttf"; sourceTree = "<group>"; };
		E7D03151294905340039590F /* MarkPro-Black.otf */ = {isa = PBXFileReference; lastKnownFileType = file; path = "MarkPro-Black.otf"; sourceTree = "<group>"; };
		E7D03152294905340039590F /* MarkPro-BlackItalic.otf */ = {isa = PBXFileReference; lastKnownFileType = file; path = "MarkPro-BlackItalic.otf"; sourceTree = "<group>"; };
		E7D03153294905340039590F /* MarkPro-Italic.otf */ = {isa = PBXFileReference; lastKnownFileType = file; path = "MarkPro-Italic.otf"; sourceTree = "<group>"; };
		E7D03154294905340039590F /* MarkPro-ExtraLightItalic.otf */ = {isa = PBXFileReference; lastKnownFileType = file; path = "MarkPro-ExtraLightItalic.otf"; sourceTree = "<group>"; };
		E7D03155294905340039590F /* MarkPro-HairlineItalic.otf */ = {isa = PBXFileReference; lastKnownFileType = file; path = "MarkPro-HairlineItalic.otf"; sourceTree = "<group>"; };
		E7D03156294905340039590F /* MarkPro-Hairline.otf */ = {isa = PBXFileReference; lastKnownFileType = file; path = "MarkPro-Hairline.otf"; sourceTree = "<group>"; };
		E7D03157294905340039590F /* MarkPro-Light.otf */ = {isa = PBXFileReference; lastKnownFileType = file; path = "MarkPro-Light.otf"; sourceTree = "<group>"; };
		E7D03158294905340039590F /* MarkPro-MediumItalic.otf */ = {isa = PBXFileReference; lastKnownFileType = file; path = "MarkPro-MediumItalic.otf"; sourceTree = "<group>"; };
		E7D03159294905350039590F /* MarkPro-Heavy.otf */ = {isa = PBXFileReference; lastKnownFileType = file; path = "MarkPro-Heavy.otf"; sourceTree = "<group>"; };
		E7D0315A294905350039590F /* MarkPro-ThinItalic.otf */ = {isa = PBXFileReference; lastKnownFileType = file; path = "MarkPro-ThinItalic.otf"; sourceTree = "<group>"; };
		E7D0315B294905350039590F /* MarkPro-Medium.otf */ = {isa = PBXFileReference; lastKnownFileType = file; path = "MarkPro-Medium.otf"; sourceTree = "<group>"; };
		E7D0315C294905350039590F /* MarkPro-Thin.otf */ = {isa = PBXFileReference; lastKnownFileType = file; path = "MarkPro-Thin.otf"; sourceTree = "<group>"; };
		E7D0315D294905350039590F /* MarkPro-HeavyItalic.otf */ = {isa = PBXFileReference; lastKnownFileType = file; path = "MarkPro-HeavyItalic.otf"; sourceTree = "<group>"; };
		E7D0315E294905350039590F /* MarkPro.otf */ = {isa = PBXFileReference; lastKnownFileType = file; path = MarkPro.otf; sourceTree = "<group>"; };
		E7D0315F294905350039590F /* MarkPro-BookItalic.otf */ = {isa = PBXFileReference; lastKnownFileType = file; path = "MarkPro-BookItalic.otf"; sourceTree = "<group>"; };
		E7D03160294905350039590F /* MarkPro-BoldItalic.otf */ = {isa = PBXFileReference; lastKnownFileType = file; path = "MarkPro-BoldItalic.otf"; sourceTree = "<group>"; };
		E7D031752949122A0039590F /* CategoryBotton.swift */ = {isa = PBXFileReference; lastKnownFileType = sourcecode.swift; path = CategoryBotton.swift; sourceTree = "<group>"; };
/* End PBXFileReference section */

/* Begin PBXFrameworksBuildPhase section */
		E7D031252948E21E0039590F /* Frameworks */ = {
			isa = PBXFrameworksBuildPhase;
			buildActionMask = 2147483647;
			files = (
			);
			runOnlyForDeploymentPostprocessing = 0;
		};
/* End PBXFrameworksBuildPhase section */

/* Begin PBXGroup section */
		E7D0311F2948E21E0039590F = {
			isa = PBXGroup;
			children = (
				E7D031482948F6260039590F /* Launch Screen.storyboard */,
				E7D0312A2948E21E0039590F /* EcommerceConcept */,
				E7D031292948E21E0039590F /* Products */,
			);
			sourceTree = "<group>";
		};
		E7D031292948E21E0039590F /* Products */ = {
			isa = PBXGroup;
			children = (
				E7D031282948E21E0039590F /* EcommerceConcept.app */,
			);
			name = Products;
			sourceTree = "<group>";
		};
		E7D0312A2948E21E0039590F /* EcommerceConcept */ = {
			isa = PBXGroup;
			children = (
				E7D0314A2948FD5A0039590F /* Headlines */,
				E7D031472948EFF50039590F /* Info.plist */,
				E7D0313E2948E25F0039590F /* Font */,
				E7D0312B2948E21E0039590F /* EcommerceConceptApp.swift */,
				E7D0312D2948E21E0039590F /* ContentView.swift */,
				E7D0312F2948E21F0039590F /* Assets.xcassets */,
				E7D031342948E21F0039590F /* Persistence.swift */,
				E7D031362948E21F0039590F /* EcommerceConcept.xcdatamodeld */,
				E7D031312948E21F0039590F /* Preview Content */,
			);
			path = EcommerceConcept;
			sourceTree = "<group>";
		};
		E7D031312948E21F0039590F /* Preview Content */ = {
			isa = PBXGroup;
			children = (
				E7D031322948E21F0039590F /* Preview Assets.xcassets */,
			);
			path = "Preview Content";
			sourceTree = "<group>";
		};
		E7D0313E2948E25F0039590F /* Font */ = {
			isa = PBXGroup;
			children = (
				E7D03151294905340039590F /* MarkPro-Black.otf */,
				E7D03152294905340039590F /* MarkPro-BlackItalic.otf */,
				E7D03150294905340039590F /* MarkPro-Bold.ttf */,
				E7D03160294905350039590F /* MarkPro-BoldItalic.otf */,
				E7D0314D294905340039590F /* MarkPro-Book.otf */,
				E7D0315F294905350039590F /* MarkPro-BookItalic.otf */,
				E7D0314E294905340039590F /* MarkPro-ExtraLight.otf */,
				E7D03154294905340039590F /* MarkPro-ExtraLightItalic.otf */,
				E7D03156294905340039590F /* MarkPro-Hairline.otf */,
				E7D03155294905340039590F /* MarkPro-HairlineItalic.otf */,
				E7D03159294905350039590F /* MarkPro-Heavy.otf */,
				E7D0315D294905350039590F /* MarkPro-HeavyItalic.otf */,
				E7D03153294905340039590F /* MarkPro-Italic.otf */,
				E7D03157294905340039590F /* MarkPro-Light.otf */,
				E7D0314F294905340039590F /* MarkPro-LightItalic.otf */,
				E7D0315B294905350039590F /* MarkPro-Medium.otf */,
				E7D03158294905340039590F /* MarkPro-MediumItalic.otf */,
				E7D0315C294905350039590F /* MarkPro-Thin.otf */,
				E7D0315A294905350039590F /* MarkPro-ThinItalic.otf */,
				E7D0315E294905350039590F /* MarkPro.otf */,
			);
			path = Font;
			sourceTree = "<group>";
		};
		E7D0314A2948FD5A0039590F /* Headlines */ = {
			isa = PBXGroup;
			children = (
				E7D0314B2948FF9F0039590F /* SelectCategory.swift */,
				E7D031752949122A0039590F /* CategoryBotton.swift */,
			);
			path = Headlines;
			sourceTree = "<group>";
		};
/* End PBXGroup section */

/* Begin PBXNativeTarget section */
		E7D031272948E21E0039590F /* EcommerceConcept */ = {
			isa = PBXNativeTarget;
			buildConfigurationList = E7D0313B2948E21F0039590F /* Build configuration list for PBXNativeTarget "EcommerceConcept" */;
			buildPhases = (
				E7D031242948E21E0039590F /* Sources */,
				E7D031252948E21E0039590F /* Frameworks */,
				E7D031262948E21E0039590F /* Resources */,
			);
			buildRules = (
			);
			dependencies = (
			);
			name = EcommerceConcept;
			productName = EcommerceConcept;
			productReference = E7D031282948E21E0039590F /* EcommerceConcept.app */;
			productType = "com.apple.product-type.application";
		};
/* End PBXNativeTarget section */

/* Begin PBXProject section */
		E7D031202948E21E0039590F /* Project object */ = {
			isa = PBXProject;
			attributes = {
				BuildIndependentTargetsInParallel = 1;
				LastSwiftUpdateCheck = 1400;
				LastUpgradeCheck = 1400;
				TargetAttributes = {
					E7D031272948E21E0039590F = {
						CreatedOnToolsVersion = 14.0;
					};
				};
			};
			buildConfigurationList = E7D031232948E21E0039590F /* Build configuration list for PBXProject "EcommerceConcept" */;
			compatibilityVersion = "Xcode 14.0";
			developmentRegion = en;
			hasScannedForEncodings = 0;
			knownRegions = (
				en,
				Base,
			);
			mainGroup = E7D0311F2948E21E0039590F;
			productRefGroup = E7D031292948E21E0039590F /* Products */;
			projectDirPath = "";
			projectRoot = "";
			targets = (
				E7D031272948E21E0039590F /* EcommerceConcept */,
			);
		};
/* End PBXProject section */

/* Begin PBXResourcesBuildPhase section */
		E7D031262948E21E0039590F /* Resources */ = {
			isa = PBXResourcesBuildPhase;
			buildActionMask = 2147483647;
			files = (
				E7D03169294905350039590F /* MarkPro-HairlineItalic.otf in Resources */,
				E7D0316E294905350039590F /* MarkPro-ThinItalic.otf in Resources */,
				E7D03162294905350039590F /* MarkPro-ExtraLight.otf in Resources */,
				E7D03164294905350039590F /* MarkPro-Bold.ttf in Resources */,
				E7D031332948E21F0039590F /* Preview Assets.xcassets in Resources */,
				E7D031302948E21F0039590F /* Assets.xcassets in Resources */,
				E7D03168294905350039590F /* MarkPro-ExtraLightItalic.otf in Resources */,
				E7D031492948F6260039590F /* Launch Screen.storyboard in Resources */,
				E7D0316B294905350039590F /* MarkPro-Light.otf in Resources */,
				E7D03174294905350039590F /* MarkPro-BoldItalic.otf in Resources */,
				E7D03161294905350039590F /* MarkPro-Book.otf in Resources */,
				E7D03165294905350039590F /* MarkPro-Black.otf in Resources */,
				E7D03163294905350039590F /* MarkPro-LightItalic.otf in Resources */,
				E7D03167294905350039590F /* MarkPro-Italic.otf in Resources */,
				E7D0316F294905350039590F /* MarkPro-Medium.otf in Resources */,
				E7D03172294905350039590F /* MarkPro.otf in Resources */,
				E7D03170294905350039590F /* MarkPro-Thin.otf in Resources */,
				E7D0316A294905350039590F /* MarkPro-Hairline.otf in Resources */,
				E7D03173294905350039590F /* MarkPro-BookItalic.otf in Resources */,
				E7D03166294905350039590F /* MarkPro-BlackItalic.otf in Resources */,
				E7D0316D294905350039590F /* MarkPro-Heavy.otf in Resources */,
				E7D03171294905350039590F /* MarkPro-HeavyItalic.otf in Resources */,
				E7D0316C294905350039590F /* MarkPro-MediumItalic.otf in Resources */,
			);
			runOnlyForDeploymentPostprocessing = 0;
		};
/* End PBXResourcesBuildPhase section */

/* Begin PBXSourcesBuildPhase section */
		E7D031242948E21E0039590F /* Sources */ = {
			isa = PBXSourcesBuildPhase;
			buildActionMask = 2147483647;
			files = (
				E7D031352948E21F0039590F /* Persistence.swift in Sources */,
				E7D0314C2948FF9F0039590F /* SelectCategory.swift in Sources */,
				E7D031382948E21F0039590F /* EcommerceConcept.xcdatamodeld in Sources */,
				E7D0312E2948E21E0039590F /* ContentView.swift in Sources */,
				E7D0312C2948E21E0039590F /* EcommerceConceptApp.swift in Sources */,
				E7D031762949122A0039590F /* CategoryBotton.swift in Sources */,
			);
			runOnlyForDeploymentPostprocessing = 0;
		};
/* End PBXSourcesBuildPhase section */

/* Begin XCBuildConfiguration section */
		E7D031392948E21F0039590F /* Debug */ = {
			isa = XCBuildConfiguration;
			buildSettings = {
				ALWAYS_SEARCH_USER_PATHS = NO;
				CLANG_ANALYZER_NONNULL = YES;
				CLANG_ANALYZER_NUMBER_OBJECT_CONVERSION = YES_AGGRESSIVE;
				CLANG_CXX_LANGUAGE_STANDARD = "gnu++20";
				CLANG_ENABLE_MODULES = YES;
				CLANG_ENABLE_OBJC_ARC = YES;
				CLANG_ENABLE_OBJC_WEAK = YES;
				CLANG_WARN_BLOCK_CAPTURE_AUTORELEASING = YES;
				CLANG_WARN_BOOL_CONVERSION = YES;
				CLANG_WARN_COMMA = YES;
				CLANG_WARN_CONSTANT_CONVERSION = YES;
				CLANG_WARN_DEPRECATED_OBJC_IMPLEMENTATIONS = YES;
				CLANG_WARN_DIRECT_OBJC_ISA_USAGE = YES_ERROR;
				CLANG_WARN_DOCUMENTATION_COMMENTS = YES;
				CLANG_WARN_EMPTY_BODY = YES;
				CLANG_WARN_ENUM_CONVERSION = YES;
				CLANG_WARN_INFINITE_RECURSION = YES;
				CLANG_WARN_INT_CONVERSION = YES;
				CLANG_WARN_NON_LITERAL_NULL_CONVERSION = YES;
				CLANG_WARN_OBJC_IMPLICIT_RETAIN_SELF = YES;
				CLANG_WARN_OBJC_LITERAL_CONVERSION = YES;
				CLANG_WARN_OBJC_ROOT_CLASS = YES_ERROR;
				CLANG_WARN_QUOTED_INCLUDE_IN_FRAMEWORK_HEADER = YES;
				CLANG_WARN_RANGE_LOOP_ANALYSIS = YES;
				CLANG_WARN_STRICT_PROTOTYPES = YES;
				CLANG_WARN_SUSPICIOUS_MOVE = YES;
				CLANG_WARN_UNGUARDED_AVAILABILITY = YES_AGGRESSIVE;
				CLANG_WARN_UNREACHABLE_CODE = YES;
				CLANG_WARN__DUPLICATE_METHOD_MATCH = YES;
				COPY_PHASE_STRIP = NO;
				DEBUG_INFORMATION_FORMAT = dwarf;
				ENABLE_STRICT_OBJC_MSGSEND = YES;
				ENABLE_TESTABILITY = YES;
				GCC_C_LANGUAGE_STANDARD = gnu11;
				GCC_DYNAMIC_NO_PIC = NO;
				GCC_NO_COMMON_BLOCKS = YES;
				GCC_OPTIMIZATION_LEVEL = 0;
				GCC_PREPROCESSOR_DEFINITIONS = (
					"DEBUG=1",
					"$(inherited)",
				);
				GCC_WARN_64_TO_32_BIT_CONVERSION = YES;
				GCC_WARN_ABOUT_RETURN_TYPE = YES_ERROR;
				GCC_WARN_UNDECLARED_SELECTOR = YES;
				GCC_WARN_UNINITIALIZED_AUTOS = YES_AGGRESSIVE;
				GCC_WARN_UNUSED_FUNCTION = YES;
				GCC_WARN_UNUSED_VARIABLE = YES;
				IPHONEOS_DEPLOYMENT_TARGET = 16.0;
				MTL_ENABLE_DEBUG_INFO = INCLUDE_SOURCE;
				MTL_FAST_MATH = YES;
				ONLY_ACTIVE_ARCH = YES;
				SDKROOT = iphoneos;
				SWIFT_ACTIVE_COMPILATION_CONDITIONS = DEBUG;
				SWIFT_OPTIMIZATION_LEVEL = "-Onone";
			};
			name = Debug;
		};
		E7D0313A2948E21F0039590F /* Release */ = {
			isa = XCBuildConfiguration;
			buildSettings = {
				ALWAYS_SEARCH_USER_PATHS = NO;
				CLANG_ANALYZER_NONNULL = YES;
				CLANG_ANALYZER_NUMBER_OBJECT_CONVERSION = YES_AGGRESSIVE;
				CLANG_CXX_LANGUAGE_STANDARD = "gnu++20";
				CLANG_ENABLE_MODULES = YES;
				CLANG_ENABLE_OBJC_ARC = YES;
				CLANG_ENABLE_OBJC_WEAK = YES;
				CLANG_WARN_BLOCK_CAPTURE_AUTORELEASING = YES;
				CLANG_WARN_BOOL_CONVERSION = YES;
				CLANG_WARN_COMMA = YES;
				CLANG_WARN_CONSTANT_CONVERSION = YES;
				CLANG_WARN_DEPRECATED_OBJC_IMPLEMENTATIONS = YES;
				CLANG_WARN_DIRECT_OBJC_ISA_USAGE = YES_ERROR;
				CLANG_WARN_DOCUMENTATION_COMMENTS = YES;
				CLANG_WARN_EMPTY_BODY = YES;
				CLANG_WARN_ENUM_CONVERSION = YES;
				CLANG_WARN_INFINITE_RECURSION = YES;
				CLANG_WARN_INT_CONVERSION = YES;
				CLANG_WARN_NON_LITERAL_NULL_CONVERSION = YES;
				CLANG_WARN_OBJC_IMPLICIT_RETAIN_SELF = YES;
				CLANG_WARN_OBJC_LITERAL_CONVERSION = YES;
				CLANG_WARN_OBJC_ROOT_CLASS = YES_ERROR;
				CLANG_WARN_QUOTED_INCLUDE_IN_FRAMEWORK_HEADER = YES;
				CLANG_WARN_RANGE_LOOP_ANALYSIS = YES;
				CLANG_WARN_STRICT_PROTOTYPES = YES;
				CLANG_WARN_SUSPICIOUS_MOVE = YES;
				CLANG_WARN_UNGUARDED_AVAILABILITY = YES_AGGRESSIVE;
				CLANG_WARN_UNREACHABLE_CODE = YES;
				CLANG_WARN__DUPLICATE_METHOD_MATCH = YES;
				COPY_PHASE_STRIP = NO;
				DEBUG_INFORMATION_FORMAT = "dwarf-with-dsym";
				ENABLE_NS_ASSERTIONS = NO;
				ENABLE_STRICT_OBJC_MSGSEND = YES;
				GCC_C_LANGUAGE_STANDARD = gnu11;
				GCC_NO_COMMON_BLOCKS = YES;
				GCC_WARN_64_TO_32_BIT_CONVERSION = YES;
				GCC_WARN_ABOUT_RETURN_TYPE = YES_ERROR;
				GCC_WARN_UNDECLARED_SELECTOR = YES;
				GCC_WARN_UNINITIALIZED_AUTOS = YES_AGGRESSIVE;
				GCC_WARN_UNUSED_FUNCTION = YES;
				GCC_WARN_UNUSED_VARIABLE = YES;
				IPHONEOS_DEPLOYMENT_TARGET = 16.0;
				MTL_ENABLE_DEBUG_INFO = NO;
				MTL_FAST_MATH = YES;
				SDKROOT = iphoneos;
				SWIFT_COMPILATION_MODE = wholemodule;
				SWIFT_OPTIMIZATION_LEVEL = "-O";
				VALIDATE_PRODUCT = YES;
			};
			name = Release;
		};
		E7D0313C2948E21F0039590F /* Debug */ = {
			isa = XCBuildConfiguration;
			buildSettings = {
				ASSETCATALOG_COMPILER_APPICON_NAME = AppIcon;
				ASSETCATALOG_COMPILER_GLOBAL_ACCENT_COLOR_NAME = AccentColor;
				ASSETCATALOG_COMPILER_INCLUDE_ALL_APPICON_ASSETS = NO;
				CODE_SIGN_STYLE = Automatic;
				CURRENT_PROJECT_VERSION = 1;
				DEVELOPMENT_ASSET_PATHS = "\"EcommerceConcept/Preview Content\"";
				DEVELOPMENT_TEAM = K79KHUW8KA;
				ENABLE_PREVIEWS = YES;
				GENERATE_INFOPLIST_FILE = YES;
				INFOPLIST_FILE = EcommerceConcept/Info.plist;
				INFOPLIST_KEY_CFBundleDisplayName = "";
				INFOPLIST_KEY_LSApplicationCategoryType = "";
				INFOPLIST_KEY_UIApplicationSceneManifest_Generation = YES;
				INFOPLIST_KEY_UIApplicationSupportsIndirectInputEvents = YES;
				INFOPLIST_KEY_UILaunchStoryboardName = "Launch Screen.storyboard";
				INFOPLIST_KEY_UISupportedInterfaceOrientations_iPad = "UIInterfaceOrientationPortrait UIInterfaceOrientationPortraitUpsideDown UIInterfaceOrientationLandscapeLeft UIInterfaceOrientationLandscapeRight";
				INFOPLIST_KEY_UISupportedInterfaceOrientations_iPhone = "UIInterfaceOrientationPortrait UIInterfaceOrientationLandscapeLeft UIInterfaceOrientationLandscapeRight";
				LD_RUNPATH_SEARCH_PATHS = (
					"$(inherited)",
					"@executable_path/Frameworks",
				);
				MARKETING_VERSION = 1.0;
				PRODUCT_BUNDLE_IDENTIFIER = com.example.EcommerceConcept;
				PRODUCT_NAME = "$(TARGET_NAME)";
				SWIFT_EMIT_LOC_STRINGS = YES;
				SWIFT_VERSION = 5.0;
				TARGETED_DEVICE_FAMILY = "1,2";
			};
			name = Debug;
		};
		E7D0313D2948E21F0039590F /* Release */ = {
			isa = XCBuildConfiguration;
			buildSettings = {
				ASSETCATALOG_COMPILER_APPICON_NAME = AppIcon;
				ASSETCATALOG_COMPILER_GLOBAL_ACCENT_COLOR_NAME = AccentColor;
				ASSETCATALOG_COMPILER_INCLUDE_ALL_APPICON_ASSETS = NO;
				CODE_SIGN_STYLE = Automatic;
				CURRENT_PROJECT_VERSION = 1;
				DEVELOPMENT_ASSET_PATHS = "\"EcommerceConcept/Preview Content\"";
				DEVELOPMENT_TEAM = K79KHUW8KA;
				ENABLE_PREVIEWS = YES;
				GENERATE_INFOPLIST_FILE = YES;
				INFOPLIST_FILE = EcommerceConcept/Info.plist;
				INFOPLIST_KEY_CFBundleDisplayName = "";
				INFOPLIST_KEY_LSApplicationCategoryType = "";
				INFOPLIST_KEY_UIApplicationSceneManifest_Generation = YES;
				INFOPLIST_KEY_UIApplicationSupportsIndirectInputEvents = YES;
				INFOPLIST_KEY_UILaunchStoryboardName = "Launch Screen.storyboard";
				INFOPLIST_KEY_UISupportedInterfaceOrientations_iPad = "UIInterfaceOrientationPortrait UIInterfaceOrientationPortraitUpsideDown UIInterfaceOrientationLandscapeLeft UIInterfaceOrientationLandscapeRight";
				INFOPLIST_KEY_UISupportedInterfaceOrientations_iPhone = "UIInterfaceOrientationPortrait UIInterfaceOrientationLandscapeLeft UIInterfaceOrientationLandscapeRight";
				LD_RUNPATH_SEARCH_PATHS = (
					"$(inherited)",
					"@executable_path/Frameworks",
				);
				MARKETING_VERSION = 1.0;
				PRODUCT_BUNDLE_IDENTIFIER = com.example.EcommerceConcept;
				PRODUCT_NAME = "$(TARGET_NAME)";
				SWIFT_EMIT_LOC_STRINGS = YES;
				SWIFT_VERSION = 5.0;
				TARGETED_DEVICE_FAMILY = "1,2";
			};
			name = Release;
		};
/* End XCBuildConfiguration section */

/* Begin XCConfigurationList section */
		E7D031232948E21E0039590F /* Build configuration list for PBXProject "EcommerceConcept" */ = {
			isa = XCConfigurationList;
			buildConfigurations = (
				E7D031392948E21F0039590F /* Debug */,
				E7D0313A2948E21F0039590F /* Release */,
			);
			defaultConfigurationIsVisible = 0;
			defaultConfigurationName = Release;
		};
		E7D0313B2948E21F0039590F /* Build configuration list for PBXNativeTarget "EcommerceConcept" */ = {
			isa = XCConfigurationList;
			buildConfigurations = (
				E7D0313C2948E21F0039590F /* Debug */,
				E7D0313D2948E21F0039590F /* Release */,
			);
			defaultConfigurationIsVisible = 0;
			defaultConfigurationName = Release;
		};
/* End XCConfigurationList section */

/* Begin XCVersionGroup section */
		E7D031362948E21F0039590F /* EcommerceConcept.xcdatamodeld */ = {
			isa = XCVersionGroup;
			children = (
				E7D031372948E21F0039590F /* EcommerceConcept.xcdatamodel */,
			);
			currentVersion = E7D031372948E21F0039590F /* EcommerceConcept.xcdatamodel */;
			path = EcommerceConcept.xcdatamodeld;
			sourceTree = "<group>";
			versionGroupType = wrapper.xcdatamodel;
		};
/* End XCVersionGroup section */
	};
	rootObject = E7D031202948E21E0039590F /* Project object */;
}
